
Microsoft Visual Studio Solution File, Format Version 12.00
# Visual Studio Version 16
VisualStudioVersion = 16.0.31025.194
MinimumVisualStudioVersion = 10.0.40219.1
Project("{8BC9CEB8-8B4A-11D0-8D11-00A0C91BC942}") = "Project2", "Project2\Project2.vcxproj", "{C0AA1FA6-31B6-4B28-8FA6-9AA34FD55B4C}"
EndProject
Global
	GlobalSection(SolutionConfigurationPlatforms) = preSolution
		Debug|x64 = Debug|x64
		Debug|x86 = Debug|x86
		Release|x64 = Release|x64
		Release|x86 = Release|x86
	EndGlobalSection
	GlobalSection(ProjectConfigurationPlatforms) = postSolution
		{C0AA1FA6-31B6-4B28-8FA6-9AA34FD55B4C}.Debug|x64.ActiveCfg = Debug|x64
		{C0AA1FA6-31B6-4B28-8FA6-9AA34FD55B4C}.Debug|x64.Build.0 = Debug|x64
		{C0AA1FA6-31B6-4B28-8FA6-9AA34FD55B4C}.Debug|x86.ActiveCfg = Debug|Win32
		{C0AA1FA6-31B6-4B28-8FA6-9AA34FD55B4C}.Debug|x86.Build.0 = Debug|Win32
		{C0AA1FA6-31B6-4B28-8FA6-9AA34FD55B4C}.Release|x64.ActiveCfg = Release|x64
		{C0AA1FA6-31B6-4B28-8FA6-9AA34FD55B4C}.Release|x64.Build.0 = Release|x64
		{C0AA1FA6-31B6-4B28-8FA6-9AA34FD55B4C}.Release|x86.ActiveCfg = Release|Win32
		{C0AA1FA6-31B6-4B28-8FA6-9AA34FD55B4C}.Release|x86.Build.0 = Release|Win32
	EndGlobalSection
	GlobalSection(SolutionProperties) = preSolution
		HideSolutionNode = FALSE
	EndGlobalSection
	GlobalSection(ExtensibilityGlobals) = postSolution
		SolutionGuid = {8191C3B7-D884-4A0E-8A4E-D805B49236DD}
	EndGlobalSection
EndGlobal
